// !$*UTF8*$!
{
	archiveVersion = 1;
	classes = {
	};
	objectVersion = 56;
	objects = {

/* Begin PBXBuildFile section */
		1AD63E092C6D875E003600E0 /* JLImageDownloader.docc in Sources */ = {isa = PBXBuildFile; fileRef = 1AD63E082C6D875E003600E0 /* JLImageDownloader.docc */; };
		1AD63E0F2C6D875F003600E0 /* JLImageDownloader.framework in Frameworks */ = {isa = PBXBuildFile; fileRef = 1AD63E042C6D875E003600E0 /* JLImageDownloader.framework */; };
		1AD63E152C6D875F003600E0 /* JLImageDownloader.h in Headers */ = {isa = PBXBuildFile; fileRef = 1AD63E072C6D875E003600E0 /* JLImageDownloader.h */; settings = {ATTRIBUTES = (Public, ); }; };
		1AD63E282C6D8788003600E0 /* JLImageDownloader.swift in Sources */ = {isa = PBXBuildFile; fileRef = 1AD63E272C6D8788003600E0 /* JLImageDownloader.swift */; };
		1AD72FD92C6EDEA800CD1BF5 /* JLImage.swift in Sources */ = {isa = PBXBuildFile; fileRef = 1AD72FD82C6EDEA800CD1BF5 /* JLImage.swift */; };
		1AD72FE12C6EE97D00CD1BF5 /* Logging.swift in Sources */ = {isa = PBXBuildFile; fileRef = 1AD72FE02C6EE97D00CD1BF5 /* Logging.swift */; };
/* End PBXBuildFile section */

/* Begin PBXContainerItemProxy section */
		1AD63E102C6D875F003600E0 /* PBXContainerItemProxy */ = {
			isa = PBXContainerItemProxy;
			containerPortal = 1AD63DFB2C6D875E003600E0 /* Project object */;
			proxyType = 1;
			remoteGlobalIDString = 1AD63E032C6D875E003600E0;
			remoteInfo = JLImageDownloader;
		};
/* End PBXContainerItemProxy section */

/* Begin PBXFileReference section */
		1AD63E042C6D875E003600E0 /* JLImageDownloader.framework */ = {isa = PBXFileReference; explicitFileType = wrapper.framework; includeInIndex = 0; path = JLImageDownloader.framework; sourceTree = BUILT_PRODUCTS_DIR; };
		1AD63E072C6D875E003600E0 /* JLImageDownloader.h */ = {isa = PBXFileReference; lastKnownFileType = sourcecode.c.h; path = JLImageDownloader.h; sourceTree = "<group>"; };
		1AD63E082C6D875E003600E0 /* JLImageDownloader.docc */ = {isa = PBXFileReference; lastKnownFileType = folder.documentationcatalog; path = JLImageDownloader.docc; sourceTree = "<group>"; };
		1AD63E0E2C6D875F003600E0 /* JLImageDownloaderTests.xctest */ = {isa = PBXFileReference; explicitFileType = wrapper.cfbundle; includeInIndex = 0; path = JLImageDownloaderTests.xctest; sourceTree = BUILT_PRODUCTS_DIR; };
		1AD63E272C6D8788003600E0 /* JLImageDownloader.swift */ = {isa = PBXFileReference; lastKnownFileType = sourcecode.swift; path = JLImageDownloader.swift; sourceTree = "<group>"; };
		1AD72FD82C6EDEA800CD1BF5 /* JLImage.swift */ = {isa = PBXFileReference; lastKnownFileType = sourcecode.swift; path = JLImage.swift; sourceTree = "<group>"; };
		1AD72FE02C6EE97D00CD1BF5 /* Logging.swift */ = {isa = PBXFileReference; lastKnownFileType = sourcecode.swift; path = Logging.swift; sourceTree = "<group>"; };
/* End PBXFileReference section */

/* Begin PBXFrameworksBuildPhase section */
		1AD63E012C6D875E003600E0 /* Frameworks */ = {
			isa = PBXFrameworksBuildPhase;
			buildActionMask = 2147483647;
			files = (
			);
			runOnlyForDeploymentPostprocessing = 0;
		};
		1AD63E0B2C6D875F003600E0 /* Frameworks */ = {
			isa = PBXFrameworksBuildPhase;
			buildActionMask = 2147483647;
			files = (
				1AD63E0F2C6D875F003600E0 /* JLImageDownloader.framework in Frameworks */,
			);
			runOnlyForDeploymentPostprocessing = 0;
		};
/* End PBXFrameworksBuildPhase section */

/* Begin PBXGroup section */
		1AD63DFA2C6D875E003600E0 = {
			isa = PBXGroup;
			children = (
				1AD63E062C6D875E003600E0 /* JLImageDownloader */,
				1AD63E052C6D875E003600E0 /* Products */,
			);
			sourceTree = "<group>";
		};
		1AD63E052C6D875E003600E0 /* Products */ = {
			isa = PBXGroup;
			children = (
				1AD63E042C6D875E003600E0 /* JLImageDownloader.framework */,
				1AD63E0E2C6D875F003600E0 /* JLImageDownloaderTests.xctest */,
			);
			name = Products;
			sourceTree = "<group>";
		};
		1AD63E062C6D875E003600E0 /* JLImageDownloader */ = {
			isa = PBXGroup;
			children = (
				1AD63E072C6D875E003600E0 /* JLImageDownloader.h */,
				1AD63E082C6D875E003600E0 /* JLImageDownloader.docc */,
				1AD63E272C6D8788003600E0 /* JLImageDownloader.swift */,
				1AD72FD82C6EDEA800CD1BF5 /* JLImage.swift */,
				1AD72FE02C6EE97D00CD1BF5 /* Logging.swift */,
			);
			path = JLImageDownloader;
			sourceTree = "<group>";
		};
/* End PBXGroup section */

/* Begin PBXHeadersBuildPhase section */
		1AD63DFF2C6D875E003600E0 /* Headers */ = {
			isa = PBXHeadersBuildPhase;
			buildActionMask = 2147483647;
			files = (
				1AD63E152C6D875F003600E0 /* JLImageDownloader.h in Headers */,
			);
			runOnlyForDeploymentPostprocessing = 0;
		};
/* End PBXHeadersBuildPhase section */

/* Begin PBXNativeTarget section */
		1AD63E032C6D875E003600E0 /* JLImageDownloader */ = {
			isa = PBXNativeTarget;
			buildConfigurationList = 1AD63E182C6D875F003600E0 /* Build configuration list for PBXNativeTarget "JLImageDownloader" */;
			buildPhases = (
				1AD63DFF2C6D875E003600E0 /* Headers */,
				1AD63E002C6D875E003600E0 /* Sources */,
				1AD63E012C6D875E003600E0 /* Frameworks */,
				1AD63E022C6D875E003600E0 /* Resources */,
			);
			buildRules = (
			);
			dependencies = (
			);
			name = JLImageDownloader;
			productName = JLImageDownloader;
			productReference = 1AD63E042C6D875E003600E0 /* JLImageDownloader.framework */;
			productType = "com.apple.product-type.framework";
		};
		1AD63E0D2C6D875F003600E0 /* JLImageDownloaderTests */ = {
			isa = PBXNativeTarget;
			buildConfigurationList = 1AD63E1B2C6D875F003600E0 /* Build configuration list for PBXNativeTarget "JLImageDownloaderTests" */;
			buildPhases = (
				1AD63E0A2C6D875F003600E0 /* Sources */,
				1AD63E0B2C6D875F003600E0 /* Frameworks */,
				1AD63E0C2C6D875F003600E0 /* Resources */,
			);
			buildRules = (
			);
			dependencies = (
				1AD63E112C6D875F003600E0 /* PBXTargetDependency */,
			);
			name = JLImageDownloaderTests;
			productName = JLImageDownloaderTests;
			productReference = 1AD63E0E2C6D875F003600E0 /* JLImageDownloaderTests.xctest */;
			productType = "com.apple.product-type.bundle.unit-test";
		};
/* End PBXNativeTarget section */

/* Begin PBXProject section */
		1AD63DFB2C6D875E003600E0 /* Project object */ = {
			isa = PBXProject;
			attributes = {
				BuildIndependentTargetsInParallel = 1;
				LastSwiftUpdateCheck = 1540;
				LastUpgradeCheck = 1540;
				TargetAttributes = {
					1AD63E032C6D875E003600E0 = {
						CreatedOnToolsVersion = 15.4;
					};
					1AD63E0D2C6D875F003600E0 = {
						CreatedOnToolsVersion = 15.4;
					};
				};
			};
			buildConfigurationList = 1AD63DFE2C6D875E003600E0 /* Build configuration list for PBXProject "JLImageDownloader" */;
			compatibilityVersion = "Xcode 14.0";
			developmentRegion = en;
			hasScannedForEncodings = 0;
			knownRegions = (
				en,
				Base,
			);
			mainGroup = 1AD63DFA2C6D875E003600E0;
			productRefGroup = 1AD63E052C6D875E003600E0 /* Products */;
			projectDirPath = "";
			projectRoot = "";
			targets = (
				1AD63E032C6D875E003600E0 /* JLImageDownloader */,
				1AD63E0D2C6D875F003600E0 /* JLImageDownloaderTests */,
			);
		};
/* End PBXProject section */

/* Begin PBXResourcesBuildPhase section */
		1AD63E022C6D875E003600E0 /* Resources */ = {
			isa = PBXResourcesBuildPhase;
			buildActionMask = 2147483647;
			files = (
			);
			runOnlyForDeploymentPostprocessing = 0;
		};
		1AD63E0C2C6D875F003600E0 /* Resources */ = {
			isa = PBXResourcesBuildPhase;
			buildActionMask = 2147483647;
			files = (
			);
			runOnlyForDeploymentPostprocessing = 0;
		};
/* End PBXResourcesBuildPhase section */

/* Begin PBXSourcesBuildPhase section */
		1AD63E002C6D875E003600E0 /* Sources */ = {
			isa = PBXSourcesBuildPhase;
			buildActionMask = 2147483647;
			files = (
				1AD72FD92C6EDEA800CD1BF5 /* JLImage.swift in Sources */,
				1AD63E282C6D8788003600E0 /* JLImageDownloader.swift in Sources */,
				1AD63E092C6D875E003600E0 /* JLImageDownloader.docc in Sources */,
				1AD72FE12C6EE97D00CD1BF5 /* Logging.swift in Sources */,
			);
			runOnlyForDeploymentPostprocessing = 0;
		};
		1AD63E0A2C6D875F003600E0 /* Sources */ = {
			isa = PBXSourcesBuildPhase;
			buildActionMask = 2147483647;
			files = (
			);
			runOnlyForDeploymentPostprocessing = 0;
		};
/* End PBXSourcesBuildPhase section */

/* Begin PBXTargetDependency section */
		1AD63E112C6D875F003600E0 /* PBXTargetDependency */ = {
			isa = PBXTargetDependency;
			target = 1AD63E032C6D875E003600E0 /* JLImageDownloader */;
			targetProxy = 1AD63E102C6D875F003600E0 /* PBXContainerItemProxy */;
		};
/* End PBXTargetDependency section */

/* Begin XCBuildConfiguration section */
		1AD63E162C6D875F003600E0 /* Debug */ = {
			isa = XCBuildConfiguration;
			buildSettings = {
				ALWAYS_SEARCH_USER_PATHS = NO;
				ASSETCATALOG_COMPILER_GENERATE_SWIFT_ASSET_SYMBOL_EXTENSIONS = YES;
				CLANG_ANALYZER_NONNULL = YES;
				CLANG_ANALYZER_NUMBER_OBJECT_CONVERSION = YES_AGGRESSIVE;
				CLANG_CXX_LANGUAGE_STANDARD = "gnu++20";
				CLANG_ENABLE_MODULES = YES;
				CLANG_ENABLE_OBJC_ARC = YES;
				CLANG_ENABLE_OBJC_WEAK = YES;
				CLANG_WARN_BLOCK_CAPTURE_AUTORELEASING = YES;
				CLANG_WARN_BOOL_CONVERSION = YES;
				CLANG_WARN_COMMA = YES;
				CLANG_WARN_CONSTANT_CONVERSION = YES;
				CLANG_WARN_DEPRECATED_OBJC_IMPLEMENTATIONS = YES;
				CLANG_WARN_DIRECT_OBJC_ISA_USAGE = YES_ERROR;
				CLANG_WARN_DOCUMENTATION_COMMENTS = YES;
				CLANG_WARN_EMPTY_BODY = YES;
				CLANG_WARN_ENUM_CONVERSION = YES;
				CLANG_WARN_INFINITE_RECURSION = YES;
				CLANG_WARN_INT_CONVERSION = YES;
				CLANG_WARN_NON_LITERAL_NULL_CONVERSION = YES;
				CLANG_WARN_OBJC_IMPLICIT_RETAIN_SELF = YES;
				CLANG_WARN_OBJC_LITERAL_CONVERSION = YES;
				CLANG_WARN_OBJC_ROOT_CLASS = YES_ERROR;
				CLANG_WARN_QUOTED_INCLUDE_IN_FRAMEWORK_HEADER = YES;
				CLANG_WARN_RANGE_LOOP_ANALYSIS = YES;
				CLANG_WARN_STRICT_PROTOTYPES = YES;
				CLANG_WARN_SUSPICIOUS_MOVE = YES;
				CLANG_WARN_UNGUARDED_AVAILABILITY = YES_AGGRESSIVE;
				CLANG_WARN_UNREACHABLE_CODE = YES;
				CLANG_WARN__DUPLICATE_METHOD_MATCH = YES;
				COPY_PHASE_STRIP = NO;
				CURRENT_PROJECT_VERSION = 1;
				DEBUG_INFORMATION_FORMAT = dwarf;
				ENABLE_STRICT_OBJC_MSGSEND = YES;
				ENABLE_TESTABILITY = YES;
				ENABLE_USER_SCRIPT_SANDBOXING = YES;
				GCC_C_LANGUAGE_STANDARD = gnu17;
				GCC_DYNAMIC_NO_PIC = NO;
				GCC_NO_COMMON_BLOCKS = YES;
				GCC_OPTIMIZATION_LEVEL = 0;
				GCC_PREPROCESSOR_DEFINITIONS = (
					"DEBUG=1",
					"$(inherited)",
				);
				GCC_WARN_64_TO_32_BIT_CONVERSION = YES;
				GCC_WARN_ABOUT_RETURN_TYPE = YES_ERROR;
				GCC_WARN_UNDECLARED_SELECTOR = YES;
				GCC_WARN_UNINITIALIZED_AUTOS = YES_AGGRESSIVE;
				GCC_WARN_UNUSED_FUNCTION = YES;
				GCC_WARN_UNUSED_VARIABLE = YES;
				IPHONEOS_DEPLOYMENT_TARGET = 17.5;
				LOCALIZATION_PREFERS_STRING_CATALOGS = YES;
				MTL_ENABLE_DEBUG_INFO = INCLUDE_SOURCE;
				MTL_FAST_MATH = YES;
				ONLY_ACTIVE_ARCH = YES;
				SDKROOT = iphoneos;
				SWIFT_ACTIVE_COMPILATION_CONDITIONS = "DEBUG $(inherited)";
				SWIFT_OPTIMIZATION_LEVEL = "-Onone";
				VERSIONING_SYSTEM = "apple-generic";
				VERSION_INFO_PREFIX = "";
			};
			name = Debug;
		};
		1AD63E172C6D875F003600E0 /* Release */ = {
			isa = XCBuildConfiguration;
			buildSettings = {
				ALWAYS_SEARCH_USER_PATHS = NO;
				ASSETCATALOG_COMPILER_GENERATE_SWIFT_ASSET_SYMBOL_EXTENSIONS = YES;
				CLANG_ANALYZER_NONNULL = YES;
				CLANG_ANALYZER_NUMBER_OBJECT_CONVERSION = YES_AGGRESSIVE;
				CLANG_CXX_LANGUAGE_STANDARD = "gnu++20";
				CLANG_ENABLE_MODULES = YES;
				CLANG_ENABLE_OBJC_ARC = YES;
				CLANG_ENABLE_OBJC_WEAK = YES;
				CLANG_WARN_BLOCK_CAPTURE_AUTORELEASING = YES;
				CLANG_WARN_BOOL_CONVERSION = YES;
				CLANG_WARN_COMMA = YES;
				CLANG_WARN_CONSTANT_CONVERSION = YES;
				CLANG_WARN_DEPRECATED_OBJC_IMPLEMENTATIONS = YES;
				CLANG_WARN_DIRECT_OBJC_ISA_USAGE = YES_ERROR;
				CLANG_WARN_DOCUMENTATION_COMMENTS = YES;
				CLANG_WARN_EMPTY_BODY = YES;
				CLANG_WARN_ENUM_CONVERSION = YES;
				CLANG_WARN_INFINITE_RECURSION = YES;
				CLANG_WARN_INT_CONVERSION = YES;
				CLANG_WARN_NON_LITERAL_NULL_CONVERSION = YES;
				CLANG_WARN_OBJC_IMPLICIT_RETAIN_SELF = YES;
				CLANG_WARN_OBJC_LITERAL_CONVERSION = YES;
				CLANG_WARN_OBJC_ROOT_CLASS = YES_ERROR;
				CLANG_WARN_QUOTED_INCLUDE_IN_FRAMEWORK_HEADER = YES;
				CLANG_WARN_RANGE_LOOP_ANALYSIS = YES;
				CLANG_WARN_STRICT_PROTOTYPES = YES;
				CLANG_WARN_SUSPICIOUS_MOVE = YES;
				CLANG_WARN_UNGUARDED_AVAILABILITY = YES_AGGRESSIVE;
				CLANG_WARN_UNREACHABLE_CODE = YES;
				CLANG_WARN__DUPLICATE_METHOD_MATCH = YES;
				COPY_PHASE_STRIP = NO;
				CURRENT_PROJECT_VERSION = 1;
				DEBUG_INFORMATION_FORMAT = "dwarf-with-dsym";
				ENABLE_NS_ASSERTIONS = NO;
				ENABLE_STRICT_OBJC_MSGSEND = YES;
				ENABLE_USER_SCRIPT_SANDBOXING = YES;
				GCC_C_LANGUAGE_STANDARD = gnu17;
				GCC_NO_COMMON_BLOCKS = YES;
				GCC_WARN_64_TO_32_BIT_CONVERSION = YES;
				GCC_WARN_ABOUT_RETURN_TYPE = YES_ERROR;
				GCC_WARN_UNDECLARED_SELECTOR = YES;
				GCC_WARN_UNINITIALIZED_AUTOS = YES_AGGRESSIVE;
				GCC_WARN_UNUSED_FUNCTION = YES;
				GCC_WARN_UNUSED_VARIABLE = YES;
				IPHONEOS_DEPLOYMENT_TARGET = 17.5;
				LOCALIZATION_PREFERS_STRING_CATALOGS = YES;
				MTL_ENABLE_DEBUG_INFO = NO;
				MTL_FAST_MATH = YES;
				SDKROOT = iphoneos;
				SWIFT_COMPILATION_MODE = wholemodule;
				VALIDATE_PRODUCT = YES;
				VERSIONING_SYSTEM = "apple-generic";
				VERSION_INFO_PREFIX = "";
			};
			name = Release;
		};
		1AD63E192C6D875F003600E0 /* Debug */ = {
			isa = XCBuildConfiguration;
			buildSettings = {
				BUILD_LIBRARY_FOR_DISTRIBUTION = YES;
				CODE_SIGN_STYLE = Automatic;
				CURRENT_PROJECT_VERSION = 1;
				DEFINES_MODULE = YES;
				DEVELOPMENT_TEAM = A433D9B4X2;
				DYLIB_COMPATIBILITY_VERSION = 1;
				DYLIB_CURRENT_VERSION = 1;
				DYLIB_INSTALL_NAME_BASE = "@rpath";
				ENABLE_MODULE_VERIFIER = YES;
				GENERATE_INFOPLIST_FILE = YES;
				INFOPLIST_KEY_NSHumanReadableCopyright = "";
				INSTALL_PATH = "$(LOCAL_LIBRARY_DIR)/Frameworks";
				LD_RUNPATH_SEARCH_PATHS = (
					"$(inherited)",
					"@executable_path/Frameworks",
					"@loader_path/Frameworks",
				);
				MARKETING_VERSION = 1.0;
				MODULE_VERIFIER_SUPPORTED_LANGUAGES = "objective-c objective-c++";
				MODULE_VERIFIER_SUPPORTED_LANGUAGE_STANDARDS = "gnu17 gnu++20";
				PRODUCT_BUNDLE_IDENTIFIER = com.jameslane.JLImageDownloader;
				PRODUCT_NAME = "$(TARGET_NAME:c99extidentifier)";
				SKIP_INSTALL = YES;
				SWIFT_EMIT_LOC_STRINGS = YES;
				SWIFT_INSTALL_OBJC_HEADER = NO;
				SWIFT_VERSION = 5.0;
				TARGETED_DEVICE_FAMILY = "1,2";
			};
			name = Debug;
		};
		1AD63E1A2C6D875F003600E0 /* Release */ = {
			isa = XCBuildConfiguration;
			buildSettings = {
				BUILD_LIBRARY_FOR_DISTRIBUTION = YES;
				CODE_SIGN_STYLE = Automatic;
				CURRENT_PROJECT_VERSION = 1;
				DEFINES_MODULE = YES;
				DEVELOPMENT_TEAM = A433D9B4X2;
				DYLIB_COMPATIBILITY_VERSION = 1;
				DYLIB_CURRENT_VERSION = 1;
				DYLIB_INSTALL_NAME_BASE = "@rpath";
				ENABLE_MODULE_VERIFIER = YES;
				GENERATE_INFOPLIST_FILE = YES;
				INFOPLIST_KEY_NSHumanReadableCopyright = "";
				INSTALL_PATH = "$(LOCAL_LIBRARY_DIR)/Frameworks";
				LD_RUNPATH_SEARCH_PATHS = (
					"$(inherited)",
					"@executable_path/Frameworks",
					"@loader_path/Frameworks",
				);
				MARKETING_VERSION = 1.0;
				MODULE_VERIFIER_SUPPORTED_LANGUAGES = "objective-c objective-c++";
				MODULE_VERIFIER_SUPPORTED_LANGUAGE_STANDARDS = "gnu17 gnu++20";
				PRODUCT_BUNDLE_IDENTIFIER = com.jameslane.JLImageDownloader;
				PRODUCT_NAME = "$(TARGET_NAME:c99extidentifier)";
				SKIP_INSTALL = YES;
				SWIFT_EMIT_LOC_STRINGS = YES;
				SWIFT_INSTALL_OBJC_HEADER = NO;
				SWIFT_VERSION = 5.0;
				TARGETED_DEVICE_FAMILY = "1,2";
			};
			name = Release;
		};
		1AD63E1C2C6D875F003600E0 /* Debug */ = {
			isa = XCBuildConfiguration;
			buildSettings = {
				ALWAYS_EMBED_SWIFT_STANDARD_LIBRARIES = YES;
				CODE_SIGN_STYLE = Automatic;
				CURRENT_PROJECT_VERSION = 1;
				DEVELOPMENT_TEAM = A433D9B4X2;
				GENERATE_INFOPLIST_FILE = YES;
				MARKETING_VERSION = 1.0;
				PRODUCT_BUNDLE_IDENTIFIER = com.jameslane.JLImageDownloaderTests;
				PRODUCT_NAME = "$(TARGET_NAME)";
				SWIFT_EMIT_LOC_STRINGS = NO;
				SWIFT_VERSION = 5.0;
				TARGETED_DEVICE_FAMILY = "1,2";
			};
			name = Debug;
		};
		1AD63E1D2C6D875F003600E0 /* Release */ = {
			isa = XCBuildConfiguration;
			buildSettings = {
				ALWAYS_EMBED_SWIFT_STANDARD_LIBRARIES = YES;
				CODE_SIGN_STYLE = Automatic;
				CURRENT_PROJECT_VERSION = 1;
				DEVELOPMENT_TEAM = A433D9B4X2;
				GENERATE_INFOPLIST_FILE = YES;
				MARKETING_VERSION = 1.0;
				PRODUCT_BUNDLE_IDENTIFIER = com.jameslane.JLImageDownloaderTests;
				PRODUCT_NAME = "$(TARGET_NAME)";
				SWIFT_EMIT_LOC_STRINGS = NO;
				SWIFT_VERSION = 5.0;
				TARGETED_DEVICE_FAMILY = "1,2";
			};
			name = Release;
		};
/* End XCBuildConfiguration section */

/* Begin XCConfigurationList section */
		1AD63DFE2C6D875E003600E0 /* Build configuration list for PBXProject "JLImageDownloader" */ = {
			isa = XCConfigurationList;
			buildConfigurations = (
				1AD63E162C6D875F003600E0 /* Debug */,
				1AD63E172C6D875F003600E0 /* Release */,
			);
			defaultConfigurationIsVisible = 0;
			defaultConfigurationName = Release;
		};
		1AD63E182C6D875F003600E0 /* Build configuration list for PBXNativeTarget "JLImageDownloader" */ = {
			isa = XCConfigurationList;
			buildConfigurations = (
				1AD63E192C6D875F003600E0 /* Debug */,
				1AD63E1A2C6D875F003600E0 /* Release */,
			);
			defaultConfigurationIsVisible = 0;
			defaultConfigurationName = Release;
		};
		1AD63E1B2C6D875F003600E0 /* Build configuration list for PBXNativeTarget "JLImageDownloaderTests" */ = {
			isa = XCConfigurationList;
			buildConfigurations = (
				1AD63E1C2C6D875F003600E0 /* Debug */,
				1AD63E1D2C6D875F003600E0 /* Release */,
			);
			defaultConfigurationIsVisible = 0;
			defaultConfigurationName = Release;
		};
/* End XCConfigurationList section */
	};
	rootObject = 1AD63DFB2C6D875E003600E0 /* Project object */;
}
